// !$*UTF8*$!
{
	archiveVersion = 1;
	classes = {
	};
	objectVersion = 50;
	objects = {

/* Begin PBXBuildFile section */
		A712AF9C236B765C003AB879 /* AppDelegate.swift in Sources */ = {isa = PBXBuildFile; fileRef = A712AF9B236B765C003AB879 /* AppDelegate.swift */; };
		A712AF9E236B765C003AB879 /* art.scnassets in Resources */ = {isa = PBXBuildFile; fileRef = A712AF9D236B765C003AB879 /* art.scnassets */; };
		A712AFA0236B765C003AB879 /* GameViewController.swift in Sources */ = {isa = PBXBuildFile; fileRef = A712AF9F236B765C003AB879 /* GameViewController.swift */; };
		A712AFA3236B765C003AB879 /* Main.storyboard in Resources */ = {isa = PBXBuildFile; fileRef = A712AFA1236B765C003AB879 /* Main.storyboard */; };
		A712AFA5236B765D003AB879 /* Assets.xcassets in Resources */ = {isa = PBXBuildFile; fileRef = A712AFA4236B765D003AB879 /* Assets.xcassets */; };
		A712AFA8236B765D003AB879 /* LaunchScreen.storyboard in Resources */ = {isa = PBXBuildFile; fileRef = A712AFA6236B765D003AB879 /* LaunchScreen.storyboard */; };
		A712AFB3236B765D003AB879 /* GameOfLifeTests.swift in Sources */ = {isa = PBXBuildFile; fileRef = A712AFB2236B765D003AB879 /* GameOfLifeTests.swift */; };
		A712AFBE236B765D003AB879 /* GameOfLifeUITests.swift in Sources */ = {isa = PBXBuildFile; fileRef = A712AFBD236B765D003AB879 /* GameOfLifeUITests.swift */; };
/* End PBXBuildFile section */

/* Begin PBXContainerItemProxy section */
		A712AFAF236B765D003AB879 /* PBXContainerItemProxy */ = {
			isa = PBXContainerItemProxy;
			containerPortal = A712AF90236B765C003AB879 /* Project object */;
			proxyType = 1;
			remoteGlobalIDString = A712AF97236B765C003AB879;
			remoteInfo = GameOfLife;
		};
		A712AFBA236B765D003AB879 /* PBXContainerItemProxy */ = {
			isa = PBXContainerItemProxy;
			containerPortal = A712AF90236B765C003AB879 /* Project object */;
			proxyType = 1;
			remoteGlobalIDString = A712AF97236B765C003AB879;
			remoteInfo = GameOfLife;
		};
/* End PBXContainerItemProxy section */

/* Begin PBXFileReference section */
		A712AF98236B765C003AB879 /* GameOfLife.app */ = {isa = PBXFileReference; explicitFileType = wrapper.application; includeInIndex = 0; path = GameOfLife.app; sourceTree = BUILT_PRODUCTS_DIR; };
		A712AF9B236B765C003AB879 /* AppDelegate.swift */ = {isa = PBXFileReference; lastKnownFileType = sourcecode.swift; path = AppDelegate.swift; sourceTree = "<group>"; };
		A712AF9D236B765C003AB879 /* art.scnassets */ = {isa = PBXFileReference; lastKnownFileType = wrapper.scnassets; path = art.scnassets; sourceTree = "<group>"; };
		A712AF9F236B765C003AB879 /* GameViewController.swift */ = {isa = PBXFileReference; lastKnownFileType = sourcecode.swift; path = GameViewController.swift; sourceTree = "<group>"; };
		A712AFA2236B765C003AB879 /* Base */ = {isa = PBXFileReference; lastKnownFileType = file.storyboard; name = Base; path = Base.lproj/Main.storyboard; sourceTree = "<group>"; };
		A712AFA4236B765D003AB879 /* Assets.xcassets */ = {isa = PBXFileReference; lastKnownFileType = folder.assetcatalog; path = Assets.xcassets; sourceTree = "<group>"; };
		A712AFA7236B765D003AB879 /* Base */ = {isa = PBXFileReference; lastKnownFileType = file.storyboard; name = Base; path = Base.lproj/LaunchScreen.storyboard; sourceTree = "<group>"; };
		A712AFA9236B765D003AB879 /* Info.plist */ = {isa = PBXFileReference; lastKnownFileType = text.plist.xml; path = Info.plist; sourceTree = "<group>"; };
		A712AFAE236B765D003AB879 /* GameOfLifeTests.xctest */ = {isa = PBXFileReference; explicitFileType = wrapper.cfbundle; includeInIndex = 0; path = GameOfLifeTests.xctest; sourceTree = BUILT_PRODUCTS_DIR; };
		A712AFB2236B765D003AB879 /* GameOfLifeTests.swift */ = {isa = PBXFileReference; lastKnownFileType = sourcecode.swift; path = GameOfLifeTests.swift; sourceTree = "<group>"; };
		A712AFB4236B765D003AB879 /* Info.plist */ = {isa = PBXFileReference; lastKnownFileType = text.plist.xml; path = Info.plist; sourceTree = "<group>"; };
		A712AFB9236B765D003AB879 /* GameOfLifeUITests.xctest */ = {isa = PBXFileReference; explicitFileType = wrapper.cfbundle; includeInIndex = 0; path = GameOfLifeUITests.xctest; sourceTree = BUILT_PRODUCTS_DIR; };
		A712AFBD236B765D003AB879 /* GameOfLifeUITests.swift */ = {isa = PBXFileReference; lastKnownFileType = sourcecode.swift; path = GameOfLifeUITests.swift; sourceTree = "<group>"; };
		A712AFBF236B765D003AB879 /* Info.plist */ = {isa = PBXFileReference; lastKnownFileType = text.plist.xml; path = Info.plist; sourceTree = "<group>"; };
/* End PBXFileReference section */

/* Begin PBXFrameworksBuildPhase section */
		A712AF95236B765C003AB879 /* Frameworks */ = {
			isa = PBXFrameworksBuildPhase;
			buildActionMask = 2147483647;
			files = (
			);
			runOnlyForDeploymentPostprocessing = 0;
		};
		A712AFAB236B765D003AB879 /* Frameworks */ = {
			isa = PBXFrameworksBuildPhase;
			buildActionMask = 2147483647;
			files = (
			);
			runOnlyForDeploymentPostprocessing = 0;
		};
		A712AFB6236B765D003AB879 /* Frameworks */ = {
			isa = PBXFrameworksBuildPhase;
			buildActionMask = 2147483647;
			files = (
			);
			runOnlyForDeploymentPostprocessing = 0;
		};
/* End PBXFrameworksBuildPhase section */

/* Begin PBXGroup section */
		A712AF8F236B765C003AB879 = {
			isa = PBXGroup;
			children = (
				A712AF9A236B765C003AB879 /* GameOfLife */,
				A712AFB1236B765D003AB879 /* GameOfLifeTests */,
				A712AFBC236B765D003AB879 /* GameOfLifeUITests */,
				A712AF99236B765C003AB879 /* Products */,
			);
			sourceTree = "<group>";
		};
		A712AF99236B765C003AB879 /* Products */ = {
			isa = PBXGroup;
			children = (
				A712AF98236B765C003AB879 /* GameOfLife.app */,
				A712AFAE236B765D003AB879 /* GameOfLifeTests.xctest */,
				A712AFB9236B765D003AB879 /* GameOfLifeUITests.xctest */,
			);
			name = Products;
			sourceTree = "<group>";
		};
		A712AF9A236B765C003AB879 /* GameOfLife */ = {
			isa = PBXGroup;
			children = (
				A712AF9B236B765C003AB879 /* AppDelegate.swift */,
				A712AF9D236B765C003AB879 /* art.scnassets */,
				A712AF9F236B765C003AB879 /* GameViewController.swift */,
				A712AFA1236B765C003AB879 /* Main.storyboard */,
				A712AFA4236B765D003AB879 /* Assets.xcassets */,
				A712AFA6236B765D003AB879 /* LaunchScreen.storyboard */,
				A712AFA9236B765D003AB879 /* Info.plist */,
			);
			path = GameOfLife;
			sourceTree = "<group>";
		};
		A712AFB1236B765D003AB879 /* GameOfLifeTests */ = {
			isa = PBXGroup;
			children = (
				A712AFB2236B765D003AB879 /* GameOfLifeTests.swift */,
				A712AFB4236B765D003AB879 /* Info.plist */,
			);
			path = GameOfLifeTests;
			sourceTree = "<group>";
		};
		A712AFBC236B765D003AB879 /* GameOfLifeUITests */ = {
			isa = PBXGroup;
			children = (
				A712AFBD236B765D003AB879 /* GameOfLifeUITests.swift */,
				A712AFBF236B765D003AB879 /* Info.plist */,
			);
			path = GameOfLifeUITests;
			sourceTree = "<group>";
		};
/* End PBXGroup section */

/* Begin PBXNativeTarget section */
		A712AF97236B765C003AB879 /* GameOfLife */ = {
			isa = PBXNativeTarget;
			buildConfigurationList = A712AFC2236B765D003AB879 /* Build configuration list for PBXNativeTarget "GameOfLife" */;
			buildPhases = (
				A712AF94236B765C003AB879 /* Sources */,
				A712AF95236B765C003AB879 /* Frameworks */,
				A712AF96236B765C003AB879 /* Resources */,
			);
			buildRules = (
			);
			dependencies = (
			);
			name = GameOfLife;
			productName = GameOfLife;
			productReference = A712AF98236B765C003AB879 /* GameOfLife.app */;
			productType = "com.apple.product-type.application";
		};
		A712AFAD236B765D003AB879 /* GameOfLifeTests */ = {
			isa = PBXNativeTarget;
			buildConfigurationList = A712AFC5236B765D003AB879 /* Build configuration list for PBXNativeTarget "GameOfLifeTests" */;
			buildPhases = (
				A712AFAA236B765D003AB879 /* Sources */,
				A712AFAB236B765D003AB879 /* Frameworks */,
				A712AFAC236B765D003AB879 /* Resources */,
			);
			buildRules = (
			);
			dependencies = (
				A712AFB0236B765D003AB879 /* PBXTargetDependency */,
			);
			name = GameOfLifeTests;
			productName = GameOfLifeTests;
			productReference = A712AFAE236B765D003AB879 /* GameOfLifeTests.xctest */;
			productType = "com.apple.product-type.bundle.unit-test";
		};
		A712AFB8236B765D003AB879 /* GameOfLifeUITests */ = {
			isa = PBXNativeTarget;
			buildConfigurationList = A712AFC8236B765D003AB879 /* Build configuration list for PBXNativeTarget "GameOfLifeUITests" */;
			buildPhases = (
				A712AFB5236B765D003AB879 /* Sources */,
				A712AFB6236B765D003AB879 /* Frameworks */,
				A712AFB7236B765D003AB879 /* Resources */,
			);
			buildRules = (
			);
			dependencies = (
				A712AFBB236B765D003AB879 /* PBXTargetDependency */,
			);
			name = GameOfLifeUITests;
			productName = GameOfLifeUITests;
			productReference = A712AFB9236B765D003AB879 /* GameOfLifeUITests.xctest */;
			productType = "com.apple.product-type.bundle.ui-testing";
		};
/* End PBXNativeTarget section */

/* Begin PBXProject section */
		A712AF90236B765C003AB879 /* Project object */ = {
			isa = PBXProject;
			attributes = {
				LastSwiftUpdateCheck = 1110;
				LastUpgradeCheck = 1110;
				ORGANIZATIONNAME = "Pedro Cacique";
				TargetAttributes = {
					A712AF97236B765C003AB879 = {
						CreatedOnToolsVersion = 11.1;
					};
					A712AFAD236B765D003AB879 = {
						CreatedOnToolsVersion = 11.1;
						TestTargetID = A712AF97236B765C003AB879;
					};
					A712AFB8236B765D003AB879 = {
						CreatedOnToolsVersion = 11.1;
						TestTargetID = A712AF97236B765C003AB879;
					};
				};
			};
			buildConfigurationList = A712AF93236B765C003AB879 /* Build configuration list for PBXProject "GameOfLife" */;
			compatibilityVersion = "Xcode 9.3";
			developmentRegion = en;
			hasScannedForEncodings = 0;
			knownRegions = (
				en,
				Base,
			);
			mainGroup = A712AF8F236B765C003AB879;
			productRefGroup = A712AF99236B765C003AB879 /* Products */;
			projectDirPath = "";
			projectRoot = "";
			targets = (
				A712AF97236B765C003AB879 /* GameOfLife */,
				A712AFAD236B765D003AB879 /* GameOfLifeTests */,
				A712AFB8236B765D003AB879 /* GameOfLifeUITests */,
			);
		};
/* End PBXProject section */

/* Begin PBXResourcesBuildPhase section */
		A712AF96236B765C003AB879 /* Resources */ = {
			isa = PBXResourcesBuildPhase;
			buildActionMask = 2147483647;
			files = (
				A712AF9E236B765C003AB879 /* art.scnassets in Resources */,
				A712AFA8236B765D003AB879 /* LaunchScreen.storyboard in Resources */,
				A712AFA5236B765D003AB879 /* Assets.xcassets in Resources */,
				A712AFA3236B765C003AB879 /* Main.storyboard in Resources */,
			);
			runOnlyForDeploymentPostprocessing = 0;
		};
		A712AFAC236B765D003AB879 /* Resources */ = {
			isa = PBXResourcesBuildPhase;
			buildActionMask = 2147483647;
			files = (
			);
			runOnlyForDeploymentPostprocessing = 0;
		};
		A712AFB7236B765D003AB879 /* Resources */ = {
			isa = PBXResourcesBuildPhase;
			buildActionMask = 2147483647;
			files = (
			);
			runOnlyForDeploymentPostprocessing = 0;
		};
/* End PBXResourcesBuildPhase section */

/* Begin PBXSourcesBuildPhase section */
		A712AF94236B765C003AB879 /* Sources */ = {
			isa = PBXSourcesBuildPhase;
			buildActionMask = 2147483647;
			files = (
				A712AFA0236B765C003AB879 /* GameViewController.swift in Sources */,
				A712AF9C236B765C003AB879 /* AppDelegate.swift in Sources */,
			);
			runOnlyForDeploymentPostprocessing = 0;
		};
		A712AFAA236B765D003AB879 /* Sources */ = {
			isa = PBXSourcesBuildPhase;
			buildActionMask = 2147483647;
			files = (
				A712AFB3236B765D003AB879 /* GameOfLifeTests.swift in Sources */,
			);
			runOnlyForDeploymentPostprocessing = 0;
		};
		A712AFB5236B765D003AB879 /* Sources */ = {
			isa = PBXSourcesBuildPhase;
			buildActionMask = 2147483647;
			files = (
				A712AFBE236B765D003AB879 /* GameOfLifeUITests.swift in Sources */,
			);
			runOnlyForDeploymentPostprocessing = 0;
		};
/* End PBXSourcesBuildPhase section */

/* Begin PBXTargetDependency section */
		A712AFB0236B765D003AB879 /* PBXTargetDependency */ = {
			isa = PBXTargetDependency;
			target = A712AF97236B765C003AB879 /* GameOfLife */;
			targetProxy = A712AFAF236B765D003AB879 /* PBXContainerItemProxy */;
		};
		A712AFBB236B765D003AB879 /* PBXTargetDependency */ = {
			isa = PBXTargetDependency;
			target = A712AF97236B765C003AB879 /* GameOfLife */;
			targetProxy = A712AFBA236B765D003AB879 /* PBXContainerItemProxy */;
		};
/* End PBXTargetDependency section */

/* Begin PBXVariantGroup section */
		A712AFA1236B765C003AB879 /* Main.storyboard */ = {
			isa = PBXVariantGroup;
			children = (
				A712AFA2236B765C003AB879 /* Base */,
			);
			name = Main.storyboard;
			sourceTree = "<group>";
		};
		A712AFA6236B765D003AB879 /* LaunchScreen.storyboard */ = {
			isa = PBXVariantGroup;
			children = (
				A712AFA7236B765D003AB879 /* Base */,
			);
			name = LaunchScreen.storyboard;
			sourceTree = "<group>";
		};
/* End PBXVariantGroup section */

/* Begin XCBuildConfiguration section */
		A712AFC0236B765D003AB879 /* Debug */ = {
			isa = XCBuildConfiguration;
			buildSettings = {
				ALWAYS_SEARCH_USER_PATHS = NO;
				CLANG_ANALYZER_NONNULL = YES;
				CLANG_ANALYZER_NUMBER_OBJECT_CONVERSION = YES_AGGRESSIVE;
				CLANG_CXX_LANGUAGE_STANDARD = "gnu++14";
				CLANG_CXX_LIBRARY = "libc++";
				CLANG_ENABLE_MODULES = YES;
				CLANG_ENABLE_OBJC_ARC = YES;
				CLANG_ENABLE_OBJC_WEAK = YES;
				CLANG_WARN_BLOCK_CAPTURE_AUTORELEASING = YES;
				CLANG_WARN_BOOL_CONVERSION = YES;
				CLANG_WARN_COMMA = YES;
				CLANG_WARN_CONSTANT_CONVERSION = YES;
				CLANG_WARN_DEPRECATED_OBJC_IMPLEMENTATIONS = YES;
				CLANG_WARN_DIRECT_OBJC_ISA_USAGE = YES_ERROR;
				CLANG_WARN_DOCUMENTATION_COMMENTS = YES;
				CLANG_WARN_EMPTY_BODY = YES;
				CLANG_WARN_ENUM_CONVERSION = YES;
				CLANG_WARN_INFINITE_RECURSION = YES;
				CLANG_WARN_INT_CONVERSION = YES;
				CLANG_WARN_NON_LITERAL_NULL_CONVERSION = YES;
				CLANG_WARN_OBJC_IMPLICIT_RETAIN_SELF = YES;
				CLANG_WARN_OBJC_LITERAL_CONVERSION = YES;
				CLANG_WARN_OBJC_ROOT_CLASS = YES_ERROR;
				CLANG_WARN_RANGE_LOOP_ANALYSIS = YES;
				CLANG_WARN_STRICT_PROTOTYPES = YES;
				CLANG_WARN_SUSPICIOUS_MOVE = YES;
				CLANG_WARN_UNGUARDED_AVAILABILITY = YES_AGGRESSIVE;
				CLANG_WARN_UNREACHABLE_CODE = YES;
				CLANG_WARN__DUPLICATE_METHOD_MATCH = YES;
				COPY_PHASE_STRIP = NO;
				DEBUG_INFORMATION_FORMAT = dwarf;
				ENABLE_STRICT_OBJC_MSGSEND = YES;
				ENABLE_TESTABILITY = YES;
				GCC_C_LANGUAGE_STANDARD = gnu11;
				GCC_DYNAMIC_NO_PIC = NO;
				GCC_NO_COMMON_BLOCKS = YES;
				GCC_OPTIMIZATION_LEVEL = 0;
				GCC_PREPROCESSOR_DEFINITIONS = (
					"DEBUG=1",
					"$(inherited)",
				);
				GCC_WARN_64_TO_32_BIT_CONVERSION = YES;
				GCC_WARN_ABOUT_RETURN_TYPE = YES_ERROR;
				GCC_WARN_UNDECLARED_SELECTOR = YES;
				GCC_WARN_UNINITIALIZED_AUTOS = YES_AGGRESSIVE;
				GCC_WARN_UNUSED_FUNCTION = YES;
				GCC_WARN_UNUSED_VARIABLE = YES;
				IPHONEOS_DEPLOYMENT_TARGET = 13.1;
				MTL_ENABLE_DEBUG_INFO = INCLUDE_SOURCE;
				MTL_FAST_MATH = YES;
				ONLY_ACTIVE_ARCH = YES;
				SDKROOT = iphoneos;
				SWIFT_ACTIVE_COMPILATION_CONDITIONS = DEBUG;
				SWIFT_OPTIMIZATION_LEVEL = "-Onone";
			};
			name = Debug;
		};
		A712AFC1236B765D003AB879 /* Release */ = {
			isa = XCBuildConfiguration;
			buildSettings = {
				ALWAYS_SEARCH_USER_PATHS = NO;
				CLANG_ANALYZER_NONNULL = YES;
				CLANG_ANALYZER_NUMBER_OBJECT_CONVERSION = YES_AGGRESSIVE;
				CLANG_CXX_LANGUAGE_STANDARD = "gnu++14";
				CLANG_CXX_LIBRARY = "libc++";
				CLANG_ENABLE_MODULES = YES;
				CLANG_ENABLE_OBJC_ARC = YES;
				CLANG_ENABLE_OBJC_WEAK = YES;
				CLANG_WARN_BLOCK_CAPTURE_AUTORELEASING = YES;
				CLANG_WARN_BOOL_CONVERSION = YES;
				CLANG_WARN_COMMA = YES;
				CLANG_WARN_CONSTANT_CONVERSION = YES;
				CLANG_WARN_DEPRECATED_OBJC_IMPLEMENTATIONS = YES;
				CLANG_WARN_DIRECT_OBJC_ISA_USAGE = YES_ERROR;
				CLANG_WARN_DOCUMENTATION_COMMENTS = YES;
				CLANG_WARN_EMPTY_BODY = YES;
				CLANG_WARN_ENUM_CONVERSION = YES;
				CLANG_WARN_INFINITE_RECURSION = YES;
				CLANG_WARN_INT_CONVERSION = YES;
				CLANG_WARN_NON_LITERAL_NULL_CONVERSION = YES;
				CLANG_WARN_OBJC_IMPLICIT_RETAIN_SELF = YES;
				CLANG_WARN_OBJC_LITERAL_CONVERSION = YES;
				CLANG_WARN_OBJC_ROOT_CLASS = YES_ERROR;
				CLANG_WARN_RANGE_LOOP_ANALYSIS = YES;
				CLANG_WARN_STRICT_PROTOTYPES = YES;
				CLANG_WARN_SUSPICIOUS_MOVE = YES;
				CLANG_WARN_UNGUARDED_AVAILABILITY = YES_AGGRESSIVE;
				CLANG_WARN_UNREACHABLE_CODE = YES;
				CLANG_WARN__DUPLICATE_METHOD_MATCH = YES;
				COPY_PHASE_STRIP = NO;
				DEBUG_INFORMATION_FORMAT = "dwarf-with-dsym";
				ENABLE_NS_ASSERTIONS = NO;
				ENABLE_STRICT_OBJC_MSGSEND = YES;
				GCC_C_LANGUAGE_STANDARD = gnu11;
				GCC_NO_COMMON_BLOCKS = YES;
				GCC_WARN_64_TO_32_BIT_CONVERSION = YES;
				GCC_WARN_ABOUT_RETURN_TYPE = YES_ERROR;
				GCC_WARN_UNDECLARED_SELECTOR = YES;
				GCC_WARN_UNINITIALIZED_AUTOS = YES_AGGRESSIVE;
				GCC_WARN_UNUSED_FUNCTION = YES;
				GCC_WARN_UNUSED_VARIABLE = YES;
				IPHONEOS_DEPLOYMENT_TARGET = 13.1;
				MTL_ENABLE_DEBUG_INFO = NO;
				MTL_FAST_MATH = YES;
				SDKROOT = iphoneos;
				SWIFT_COMPILATION_MODE = wholemodule;
				SWIFT_OPTIMIZATION_LEVEL = "-O";
				VALIDATE_PRODUCT = YES;
			};
			name = Release;
		};
		A712AFC3236B765D003AB879 /* Debug */ = {
			isa = XCBuildConfiguration;
			buildSettings = {
				ASSETCATALOG_COMPILER_APPICON_NAME = AppIcon;
				CODE_SIGN_STYLE = Automatic;
				DEVELOPMENT_TEAM = PV6ZXMXKDK;
				INFOPLIST_FILE = GameOfLife/Info.plist;
				LD_RUNPATH_SEARCH_PATHS = (
					"$(inherited)",
					"@executable_path/Frameworks",
				);
				PRODUCT_BUNDLE_IDENTIFIER = com.cacique.GameOfLife;
				PRODUCT_NAME = "$(TARGET_NAME)";
				SWIFT_VERSION = 5.0;
				TARGETED_DEVICE_FAMILY = "1,2";
			};
			name = Debug;
		};
		A712AFC4236B765D003AB879 /* Release */ = {
			isa = XCBuildConfiguration;
			buildSettings = {
				ASSETCATALOG_COMPILER_APPICON_NAME = AppIcon;
				CODE_SIGN_STYLE = Automatic;
				DEVELOPMENT_TEAM = PV6ZXMXKDK;
				INFOPLIST_FILE = GameOfLife/Info.plist;
				LD_RUNPATH_SEARCH_PATHS = (
					"$(inherited)",
					"@executable_path/Frameworks",
				);
				PRODUCT_BUNDLE_IDENTIFIER = com.cacique.GameOfLife;
				PRODUCT_NAME = "$(TARGET_NAME)";
				SWIFT_VERSION = 5.0;
				TARGETED_DEVICE_FAMILY = "1,2";
			};
			name = Release;
		};
		A712AFC6236B765D003AB879 /* Debug */ = {
			isa = XCBuildConfiguration;
			buildSettings = {
				ALWAYS_EMBED_SWIFT_STANDARD_LIBRARIES = YES;
				BUNDLE_LOADER = "$(TEST_HOST)";
				CODE_SIGN_STYLE = Automatic;
				DEVELOPMENT_TEAM = PV6ZXMXKDK;
				INFOPLIST_FILE = GameOfLifeTests/Info.plist;
				IPHONEOS_DEPLOYMENT_TARGET = 13.1;
				LD_RUNPATH_SEARCH_PATHS = (
					"$(inherited)",
					"@executable_path/Frameworks",
					"@loader_path/Frameworks",
				);
				PRODUCT_BUNDLE_IDENTIFIER = com.cacique.GameOfLifeTests;
				PRODUCT_NAME = "$(TARGET_NAME)";
				SWIFT_VERSION = 5.0;
				TARGETED_DEVICE_FAMILY = "1,2";
				TEST_HOST = "$(BUILT_PRODUCTS_DIR)/GameOfLife.app/GameOfLife";
			};
			name = Debug;
		};
		A712AFC7236B765D003AB879 /* Release */ = {
			isa = XCBuildConfiguration;
			buildSettings = {
				ALWAYS_EMBED_SWIFT_STANDARD_LIBRARIES = YES;
				BUNDLE_LOADER = "$(TEST_HOST)";
				CODE_SIGN_STYLE = Automatic;
				DEVELOPMENT_TEAM = PV6ZXMXKDK;
				INFOPLIST_FILE = GameOfLifeTests/Info.plist;
				IPHONEOS_DEPLOYMENT_TARGET = 13.1;
				LD_RUNPATH_SEARCH_PATHS = (
					"$(inherited)",
					"@executable_path/Frameworks",
					"@loader_path/Frameworks",
				);
				PRODUCT_BUNDLE_IDENTIFIER = com.cacique.GameOfLifeTests;
				PRODUCT_NAME = "$(TARGET_NAME)";
				SWIFT_VERSION = 5.0;
				TARGETED_DEVICE_FAMILY = "1,2";
				TEST_HOST = "$(BUILT_PRODUCTS_DIR)/GameOfLife.app/GameOfLife";
			};
			name = Release;
		};
		A712AFC9236B765D003AB879 /* Debug */ = {
			isa = XCBuildConfiguration;
			buildSettings = {
				ALWAYS_EMBED_SWIFT_STANDARD_LIBRARIES = YES;
				CODE_SIGN_STYLE = Automatic;
				DEVELOPMENT_TEAM = PV6ZXMXKDK;
				INFOPLIST_FILE = GameOfLifeUITests/Info.plist;
				LD_RUNPATH_SEARCH_PATHS = (
					"$(inherited)",
					"@executable_path/Frameworks",
					"@loader_path/Frameworks",
				);
				PRODUCT_BUNDLE_IDENTIFIER = com.cacique.GameOfLifeUITests;
				PRODUCT_NAME = "$(TARGET_NAME)";
				SWIFT_VERSION = 5.0;
				TARGETED_DEVICE_FAMILY = "1,2";
				TEST_TARGET_NAME = GameOfLife;
			};
			name = Debug;
		};
		A712AFCA236B765D003AB879 /* Release */ = {
			isa = XCBuildConfiguration;
			buildSettings = {
				ALWAYS_EMBED_SWIFT_STANDARD_LIBRARIES = YES;
				CODE_SIGN_STYLE = Automatic;
				DEVELOPMENT_TEAM = PV6ZXMXKDK;
				INFOPLIST_FILE = GameOfLifeUITests/Info.plist;
				LD_RUNPATH_SEARCH_PATHS = (
					"$(inherited)",
					"@executable_path/Frameworks",
					"@loader_path/Frameworks",
				);
				PRODUCT_BUNDLE_IDENTIFIER = com.cacique.GameOfLifeUITests;
				PRODUCT_NAME = "$(TARGET_NAME)";
				SWIFT_VERSION = 5.0;
				TARGETED_DEVICE_FAMILY = "1,2";
				TEST_TARGET_NAME = GameOfLife;
			};
			name = Release;
		};
/* End XCBuildConfiguration section */

/* Begin XCConfigurationList section */
		A712AF93236B765C003AB879 /* Build configuration list for PBXProject "GameOfLife" */ = {
			isa = XCConfigurationList;
			buildConfigurations = (
				A712AFC0236B765D003AB879 /* Debug */,
				A712AFC1236B765D003AB879 /* Release */,
			);
			defaultConfigurationIsVisible = 0;
			defaultConfigurationName = Release;
		};
		A712AFC2236B765D003AB879 /* Build configuration list for PBXNativeTarget "GameOfLife" */ = {
			isa = XCConfigurationList;
			buildConfigurations = (
				A712AFC3236B765D003AB879 /* Debug */,
				A712AFC4236B765D003AB879 /* Release */,
			);
			defaultConfigurationIsVisible = 0;
			defaultConfigurationName = Release;
		};
		A712AFC5236B765D003AB879 /* Build configuration list for PBXNativeTarget "GameOfLifeTests" */ = {
			isa = XCConfigurationList;
			buildConfigurations = (
				A712AFC6236B765D003AB879 /* Debug */,
				A712AFC7236B765D003AB879 /* Release */,
			);
			defaultConfigurationIsVisible = 0;
			defaultConfigurationName = Release;
		};
		A712AFC8236B765D003AB879 /* Build configuration list for PBXNativeTarget "GameOfLifeUITests" */ = {
			isa = XCConfigurationList;
			buildConfigurations = (
				A712AFC9236B765D003AB879 /* Debug */,
				A712AFCA236B765D003AB879 /* Release */,
			);
			defaultConfigurationIsVisible = 0;
			defaultConfigurationName = Release;
		};
/* End XCConfigurationList section */
	};
	rootObject = A712AF90236B765C003AB879 /* Project object */;
}
